PODS:
  - Alamofire (4.7.3)
  - Kingfisher (4.10.0)

DEPENDENCIES:
  - Alamofire
  - Kingfisher

SPEC CHECKSUMS:
  Alamofire: c7287b6e5d7da964a70935e5db17046b7fde6568
  Kingfisher: 43c4b802d8b5256cf1f4379e9cd10b329be6d3e2

PODFILE CHECKSUM: 1a418739b68513688ea474bfe33b206095bb9b09

COCOAPODS: 1.4.0
